<?xml version="1.0" encoding="utf-8"?>
<Project ToolsVersion="4.0" xmlns="http://schemas.microsoft.com/developer/msbuild/2003">
  <ItemGroup>
    <Filter Include="源文件">
      <UniqueIdentifier>{4FC737F1-C7A5-4376-A066-2A32D752A2FF}</UniqueIdentifier>
      <Extensions>cpp;c;cc;cxx;def;odl;idl;hpj;bat;asm;asmx</Extensions>
    </Filter>
    <Filter Include="头文件">
      <UniqueIdentifier>{93995380-89BD-4b04-88EB-625FBE52EBFB}</UniqueIdentifier>
      <Extensions>h;hh;hpp;hxx;hm;inl;inc;ipp;xsd</Extensions>
    </Filter>
    <Filter Include="资源文件">
      <UniqueIdentifier>{67DA6AB6-F800-4c08-8B7A-83BB121AAD01}</UniqueIdentifier>
      <Extensions>rc;ico;cur;bmp;dlg;rc2;rct;bin;rgs;gif;jpg;jpeg;jpe;resx;tiff;tif;png;wav;mfcribbon-ms</Extensions>
    </Filter>
  </ItemGroup>
  <ItemGroup>
    <ClInclude Include="thread_utility.hpp">
      <Filter>源文件</Filter>
    </ClInclude>
    <ClInclude Include="thread_guard.h">
      <Filter>头文件</Filter>
    </ClInclude>
  </ItemGroup>
  <ItemGroup>
    <ClCompile Include="HelloWorld.cpp">
      <Filter>源文件</Filter>
    </ClCompile>
    <ClCompile Include="thread_guard.cpp">
      <Filter>源文件</Filter>
    </ClCompile>
    <ClCompile Include="避免死锁的进一步指南.cpp">
      <Filter>源文件</Filter>
    </ClCompile>
    <ClCompile Include="标识线程.cpp">
      <Filter>源文件</Filter>
    </ClCompile>
    <ClCompile Include="互斥量的重入.cpp">
      <Filter>源文件</Filter>
    </ClCompile>
    <ClCompile Include="接口中固有的竞争条件.cpp">
      <Filter>源文件</Filter>
    </ClCompile>
    <ClCompile Include="可移动的参数传递.cpp">
      <Filter>源文件</Filter>
    </ClCompile>
    <ClCompile Include="启动线程.cpp">
      <Filter>源文件</Filter>
    </ClCompile>
    <ClCompile Include="使用unique_lock进行延时锁定.cpp">
      <Filter>源文件</Filter>
    </ClCompile>
    <ClCompile Include="使用unique_lock灵活锁定.cpp">
      <Filter>源文件</Filter>
    </ClCompile>
    <ClCompile Include="使用层次锁来避免死锁.cpp">
      <Filter>源文件</Filter>
    </ClCompile>
    <ClCompile Include="死锁(问题和解决方案).cpp">
      <Filter>源文件</Filter>
    </ClCompile>
    <ClCompile Include="线程局部变量(thread_local).cpp">
      <Filter>源文件</Filter>
    </ClCompile>
    <ClCompile Include="用互斥元保护共享数据.cpp">
      <Filter>源文件</Filter>
    </ClCompile>
    <ClCompile Include="用互斥元保护列表.cpp">
      <Filter>源文件</Filter>
    </ClCompile>
    <ClCompile Include="在线程间共享数据.cpp">
      <Filter>源文件</Filter>
    </ClCompile>
    <ClCompile Include="在运行时选择线程数量.cpp">
      <Filter>源文件</Filter>
    </ClCompile>
    <ClCompile Include="转移线程所有权.cpp">
      <Filter>源文件</Filter>
    </ClCompile>
    <ClCompile Include="小猪佩奇.c">
      <Filter>源文件</Filter>
    </ClCompile>
  </ItemGroup>
</Project>